{
    "name": "yodl",
    "version": "0.3.1",
    "lockfileVersion": 3,
    "requires": true,
    "packages": {
        "": {
            "name": "yodl",
            "version": "0.3.1",
            "bin": {
                "yodl": "_build/js/release/build/main/main.min.js"
            }
        }
    }
}
